
Microsoft Visual Studio Solution File, Format Version 12.00
# Visual Studio 14
VisualStudioVersion = 14.0.25420.1
MinimumVisualStudioVersion = 10.0.40219.1
Project("{FAE04EC0-301F-11D3-BF4B-00C04F79EFBC}") = "BoardSimulator", "BoardSimulator\BoardSimulator.csproj", "{03396C63-4608-4F0B-B7A9-BEF85FBF8356}"
EndProject
Project("{FAE04EC0-301F-11D3-BF4B-00C04F79EFBC}") = "SimulatorOld", "SimulatorOld\SimulatorOld.csproj", "{6FACCD0C-E87B-49B7-960B-93C145C841C9}"
EndProject
Project("{FAE04EC0-301F-11D3-BF4B-00C04F79EFBC}") = "SimulatorUI", "SimulatorUI\SimulatorUI.csproj", "{7A21A7BD-C175-480C-BEE5-3367E8CC1ED8}"
EndProject
Project("{FAE04EC0-301F-11D3-BF4B-00C04F79EFBC}") = "SimulatorTests", "SimulatorTest\SimulatorTests.csproj", "{4FB1EC5D-07CF-487B-96BC-5FC6A53E46C3}"
EndProject
Project("{FAE04EC0-301F-11D3-BF4B-00C04F79EFBC}") = "Simulator", "Simulator\Simulator.csproj", "{72D5ECBE-1C46-4AD8-89B7-3C55C5F1493D}"
EndProject
Global
	GlobalSection(SolutionConfigurationPlatforms) = preSolution
		Debug|Any CPU = Debug|Any CPU
		Release|Any CPU = Release|Any CPU
	EndGlobalSection
	GlobalSection(ProjectConfigurationPlatforms) = postSolution
		{03396C63-4608-4F0B-B7A9-BEF85FBF8356}.Debug|Any CPU.ActiveCfg = Debug|Any CPU
		{03396C63-4608-4F0B-B7A9-BEF85FBF8356}.Debug|Any CPU.Build.0 = Debug|Any CPU
		{03396C63-4608-4F0B-B7A9-BEF85FBF8356}.Release|Any CPU.ActiveCfg = Release|Any CPU
		{03396C63-4608-4F0B-B7A9-BEF85FBF8356}.Release|Any CPU.Build.0 = Release|Any CPU
		{6FACCD0C-E87B-49B7-960B-93C145C841C9}.Debug|Any CPU.ActiveCfg = Debug|Any CPU
		{6FACCD0C-E87B-49B7-960B-93C145C841C9}.Debug|Any CPU.Build.0 = Debug|Any CPU
		{6FACCD0C-E87B-49B7-960B-93C145C841C9}.Release|Any CPU.ActiveCfg = Release|Any CPU
		{6FACCD0C-E87B-49B7-960B-93C145C841C9}.Release|Any CPU.Build.0 = Release|Any CPU
		{7A21A7BD-C175-480C-BEE5-3367E8CC1ED8}.Debug|Any CPU.ActiveCfg = Debug|Any CPU
		{7A21A7BD-C175-480C-BEE5-3367E8CC1ED8}.Debug|Any CPU.Build.0 = Debug|Any CPU
		{7A21A7BD-C175-480C-BEE5-3367E8CC1ED8}.Release|Any CPU.ActiveCfg = Release|Any CPU
		{7A21A7BD-C175-480C-BEE5-3367E8CC1ED8}.Release|Any CPU.Build.0 = Release|Any CPU
		{4FB1EC5D-07CF-487B-96BC-5FC6A53E46C3}.Debug|Any CPU.ActiveCfg = Debug|Any CPU
		{4FB1EC5D-07CF-487B-96BC-5FC6A53E46C3}.Debug|Any CPU.Build.0 = Debug|Any CPU
		{4FB1EC5D-07CF-487B-96BC-5FC6A53E46C3}.Release|Any CPU.ActiveCfg = Release|Any CPU
		{4FB1EC5D-07CF-487B-96BC-5FC6A53E46C3}.Release|Any CPU.Build.0 = Release|Any CPU
		{72D5ECBE-1C46-4AD8-89B7-3C55C5F1493D}.Debug|Any CPU.ActiveCfg = Debug|Any CPU
		{72D5ECBE-1C46-4AD8-89B7-3C55C5F1493D}.Debug|Any CPU.Build.0 = Debug|Any CPU
		{72D5ECBE-1C46-4AD8-89B7-3C55C5F1493D}.Release|Any CPU.ActiveCfg = Release|Any CPU
		{72D5ECBE-1C46-4AD8-89B7-3C55C5F1493D}.Release|Any CPU.Build.0 = Release|Any CPU
	EndGlobalSection
	GlobalSection(SolutionProperties) = preSolution
		HideSolutionNode = FALSE
	EndGlobalSection
EndGlobal
